
Microsoft Visual Studio Solution File, Format Version 12.00
# Visual Studio Version 16
VisualStudioVersion = 16.0.28803.352
MinimumVisualStudioVersion = 10.0.40219.1
Project("{FAE04EC0-301F-11D3-BF4B-00C04F79EFBC}") = "AbstractInheritence", "AbstractInheritence\AbstractInheritence.csproj", "{438F2F61-E2BC-4BBA-A6C3-4AF21A6A0E45}"
EndProject
Global
	GlobalSection(SolutionConfigurationPlatforms) = preSolution
		Debug|Any CPU = Debug|Any CPU
		Release|Any CPU = Release|Any CPU
	EndGlobalSection
	GlobalSection(ProjectConfigurationPlatforms) = postSolution
		{438F2F61-E2BC-4BBA-A6C3-4AF21A6A0E45}.Debug|Any CPU.ActiveCfg = Debug|Any CPU
		{438F2F61-E2BC-4BBA-A6C3-4AF21A6A0E45}.Debug|Any CPU.Build.0 = Debug|Any CPU
		{438F2F61-E2BC-4BBA-A6C3-4AF21A6A0E45}.Release|Any CPU.ActiveCfg = Release|Any CPU
		{438F2F61-E2BC-4BBA-A6C3-4AF21A6A0E45}.Release|Any CPU.Build.0 = Release|Any CPU
	EndGlobalSection
	GlobalSection(SolutionProperties) = preSolution
		HideSolutionNode = FALSE
	EndGlobalSection
	GlobalSection(ExtensibilityGlobals) = postSolution
		SolutionGuid = {6506689D-550D-482F-AAF3-EF1107EE9518}
	EndGlobalSection
EndGlobal
