
Microsoft Visual Studio Solution File, Format Version 12.00
# Visual Studio Version 16
VisualStudioVersion = 16.0.28803.352
MinimumVisualStudioVersion = 10.0.40219.1
Project("{FAE04EC0-301F-11D3-BF4B-00C04F79EFBC}") = "CSharpFeatures", "CSharpFeatures\CSharpFeatures.csproj", "{EA2FD068-C90C-4EF3-991D-FA857F4A21BB}"
EndProject
Global
	GlobalSection(SolutionConfigurationPlatforms) = preSolution
		Debug|Any CPU = Debug|Any CPU
		Release|Any CPU = Release|Any CPU
	EndGlobalSection
	GlobalSection(ProjectConfigurationPlatforms) = postSolution
		{EA2FD068-C90C-4EF3-991D-FA857F4A21BB}.Debug|Any CPU.ActiveCfg = Debug|Any CPU
		{EA2FD068-C90C-4EF3-991D-FA857F4A21BB}.Debug|Any CPU.Build.0 = Debug|Any CPU
		{EA2FD068-C90C-4EF3-991D-FA857F4A21BB}.Release|Any CPU.ActiveCfg = Release|Any CPU
		{EA2FD068-C90C-4EF3-991D-FA857F4A21BB}.Release|Any CPU.Build.0 = Release|Any CPU
	EndGlobalSection
	GlobalSection(SolutionProperties) = preSolution
		HideSolutionNode = FALSE
	EndGlobalSection
	GlobalSection(ExtensibilityGlobals) = postSolution
		SolutionGuid = {3DC3F06C-FE66-4F22-A45A-6F41F8D563D4}
	EndGlobalSection
EndGlobal
