
Microsoft Visual Studio Solution File, Format Version 12.00
# Visual Studio 15
VisualStudioVersion = 15.0.28307.489
MinimumVisualStudioVersion = 10.0.40219.1
Project("{FAE04EC0-301F-11D3-BF4B-00C04F79EFBC}") = "ExceptionHandeling2", "ExceptionHandeling2\ExceptionHandeling2.csproj", "{164E68F8-AB54-4A8B-9532-437D4FD4F418}"
EndProject
Global
	GlobalSection(SolutionConfigurationPlatforms) = preSolution
		Debug|Any CPU = Debug|Any CPU
		Release|Any CPU = Release|Any CPU
	EndGlobalSection
	GlobalSection(ProjectConfigurationPlatforms) = postSolution
		{164E68F8-AB54-4A8B-9532-437D4FD4F418}.Debug|Any CPU.ActiveCfg = Debug|Any CPU
		{164E68F8-AB54-4A8B-9532-437D4FD4F418}.Debug|Any CPU.Build.0 = Debug|Any CPU
		{164E68F8-AB54-4A8B-9532-437D4FD4F418}.Release|Any CPU.ActiveCfg = Release|Any CPU
		{164E68F8-AB54-4A8B-9532-437D4FD4F418}.Release|Any CPU.Build.0 = Release|Any CPU
	EndGlobalSection
	GlobalSection(SolutionProperties) = preSolution
		HideSolutionNode = FALSE
	EndGlobalSection
	GlobalSection(ExtensibilityGlobals) = postSolution
		SolutionGuid = {8928DAF9-0414-44F9-991F-FA9E4AAA089F}
	EndGlobalSection
EndGlobal
